// !$*UTF8*$!
{
	archiveVersion = 1;
	classes = {
	};
	objectVersion = 46;
	objects = {

/* Begin PBXBuildFile section */
		1D90DA131903237B00985E6C /* Foundation.framework in Frameworks */ = {isa = PBXBuildFile; fileRef = 1D90DA121903237B00985E6C /* Foundation.framework */; };
		1D90DA151903237B00985E6C /* CoreGraphics.framework in Frameworks */ = {isa = PBXBuildFile; fileRef = 1D90DA141903237B00985E6C /* CoreGraphics.framework */; };
		1D90DA171903237B00985E6C /* UIKit.framework in Frameworks */ = {isa = PBXBuildFile; fileRef = 1D90DA161903237B00985E6C /* UIKit.framework */; };
		1D90DA1D1903237B00985E6C /* InfoPlist.strings in Resources */ = {isa = PBXBuildFile; fileRef = 1D90DA1B1903237B00985E6C /* InfoPlist.strings */; };
		1D90DA1F1903237B00985E6C /* main.m in Sources */ = {isa = PBXBuildFile; fileRef = 1D90DA1E1903237B00985E6C /* main.m */; };
		1D90DA231903237B00985E6C /* AppDelegate.m in Sources */ = {isa = PBXBuildFile; fileRef = 1D90DA221903237B00985E6C /* AppDelegate.m */; };
		1D90DA261903237B00985E6C /* Main.storyboard in Resources */ = {isa = PBXBuildFile; fileRef = 1D90DA241903237B00985E6C /* Main.storyboard */; };
		1D90DA291903237B00985E6C /* ViewController.m in Sources */ = {isa = PBXBuildFile; fileRef = 1D90DA281903237B00985E6C /* ViewController.m */; };
		1D90DA2B1903237B00985E6C /* Images.xcassets in Resources */ = {isa = PBXBuildFile; fileRef = 1D90DA2A1903237B00985E6C /* Images.xcassets */; };
		1D90DA321903237B00985E6C /* XCTest.framework in Frameworks */ = {isa = PBXBuildFile; fileRef = 1D90DA311903237B00985E6C /* XCTest.framework */; };
		1D90DA331903237B00985E6C /* Foundation.framework in Frameworks */ = {isa = PBXBuildFile; fileRef = 1D90DA121903237B00985E6C /* Foundation.framework */; };
		1D90DA341903237B00985E6C /* UIKit.framework in Frameworks */ = {isa = PBXBuildFile; fileRef = 1D90DA161903237B00985E6C /* UIKit.framework */; };
		1D90DA3C1903237B00985E6C /* InfoPlist.strings in Resources */ = {isa = PBXBuildFile; fileRef = 1D90DA3A1903237B00985E6C /* InfoPlist.strings */; };
		1D90DA3E1903237B00985E6C /* JDFlyoverDirectionsExamplesTests.m in Sources */ = {isa = PBXBuildFile; fileRef = 1D90DA3D1903237B00985E6C /* JDFlyoverDirectionsExamplesTests.m */; };
/* End PBXBuildFile section */

/* Begin PBXContainerItemProxy section */
		1D90DA351903237B00985E6C /* PBXContainerItemProxy */ = {
			isa = PBXContainerItemProxy;
			containerPortal = 1D90DA071903237B00985E6C /* Project object */;
			proxyType = 1;
			remoteGlobalIDString = 1D90DA0E1903237B00985E6C;
			remoteInfo = JDFlyoverDirectionsExamples;
		};
/* End PBXContainerItemProxy section */

/* Begin PBXFileReference section */
		1D90DA0F1903237B00985E6C /* JDFlyoverDirectionsExamples.app */ = {isa = PBXFileReference; explicitFileType = wrapper.application; includeInIndex = 0; path = JDFlyoverDirectionsExamples.app; sourceTree = BUILT_PRODUCTS_DIR; };
		1D90DA121903237B00985E6C /* Foundation.framework */ = {isa = PBXFileReference; lastKnownFileType = wrapper.framework; name = Foundation.framework; path = System/Library/Frameworks/Foundation.framework; sourceTree = SDKROOT; };
		1D90DA141903237B00985E6C /* CoreGraphics.framework */ = {isa = PBXFileReference; lastKnownFileType = wrapper.framework; name = CoreGraphics.framework; path = System/Library/Frameworks/CoreGraphics.framework; sourceTree = SDKROOT; };
		1D90DA161903237B00985E6C /* UIKit.framework */ = {isa = PBXFileReference; lastKnownFileType = wrapper.framework; name = UIKit.framework; path = System/Library/Frameworks/UIKit.framework; sourceTree = SDKROOT; };
		1D90DA1A1903237B00985E6C /* JDFlyoverDirectionsExamples-Info.plist */ = {isa = PBXFileReference; lastKnownFileType = text.plist.xml; path = "JDFlyoverDirectionsExamples-Info.plist"; sourceTree = "<group>"; };
		1D90DA1C1903237B00985E6C /* en */ = {isa = PBXFileReference; lastKnownFileType = text.plist.strings; name = en; path = en.lproj/InfoPlist.strings; sourceTree = "<group>"; };
		1D90DA1E1903237B00985E6C /* main.m */ = {isa = PBXFileReference; lastKnownFileType = sourcecode.c.objc; path = main.m; sourceTree = "<group>"; };
		1D90DA201903237B00985E6C /* JDFlyoverDirectionsExamples-Prefix.pch */ = {isa = PBXFileReference; lastKnownFileType = sourcecode.c.h; path = "JDFlyoverDirectionsExamples-Prefix.pch"; sourceTree = "<group>"; };
		1D90DA211903237B00985E6C /* AppDelegate.h */ = {isa = PBXFileReference; lastKnownFileType = sourcecode.c.h; path = AppDelegate.h; sourceTree = "<group>"; };
		1D90DA221903237B00985E6C /* AppDelegate.m */ = {isa = PBXFileReference; lastKnownFileType = sourcecode.c.objc; path = AppDelegate.m; sourceTree = "<group>"; };
		1D90DA251903237B00985E6C /* Base */ = {isa = PBXFileReference; lastKnownFileType = file.storyboard; name = Base; path = Base.lproj/Main.storyboard; sourceTree = "<group>"; };
		1D90DA271903237B00985E6C /* ViewController.h */ = {isa = PBXFileReference; lastKnownFileType = sourcecode.c.h; path = ViewController.h; sourceTree = "<group>"; };
		1D90DA281903237B00985E6C /* ViewController.m */ = {isa = PBXFileReference; lastKnownFileType = sourcecode.c.objc; path = ViewController.m; sourceTree = "<group>"; };
		1D90DA2A1903237B00985E6C /* Images.xcassets */ = {isa = PBXFileReference; lastKnownFileType = folder.assetcatalog; path = Images.xcassets; sourceTree = "<group>"; };
		1D90DA301903237B00985E6C /* JDFlyoverDirectionsExamplesTests.xctest */ = {isa = PBXFileReference; explicitFileType = wrapper.cfbundle; includeInIndex = 0; path = JDFlyoverDirectionsExamplesTests.xctest; sourceTree = BUILT_PRODUCTS_DIR; };
		1D90DA311903237B00985E6C /* XCTest.framework */ = {isa = PBXFileReference; lastKnownFileType = wrapper.framework; name = XCTest.framework; path = Library/Frameworks/XCTest.framework; sourceTree = DEVELOPER_DIR; };
		1D90DA391903237B00985E6C /* JDFlyoverDirectionsExamplesTests-Info.plist */ = {isa = PBXFileReference; lastKnownFileType = text.plist.xml; path = "JDFlyoverDirectionsExamplesTests-Info.plist"; sourceTree = "<group>"; };
		1D90DA3B1903237B00985E6C /* en */ = {isa = PBXFileReference; lastKnownFileType = text.plist.strings; name = en; path = en.lproj/InfoPlist.strings; sourceTree = "<group>"; };
		1D90DA3D1903237B00985E6C /* JDFlyoverDirectionsExamplesTests.m */ = {isa = PBXFileReference; lastKnownFileType = sourcecode.c.objc; path = JDFlyoverDirectionsExamplesTests.m; sourceTree = "<group>"; };
/* End PBXFileReference section */

/* Begin PBXFrameworksBuildPhase section */
		1D90DA0C1903237B00985E6C /* Frameworks */ = {
			isa = PBXFrameworksBuildPhase;
			buildActionMask = 2147483647;
			files = (
				1D90DA151903237B00985E6C /* CoreGraphics.framework in Frameworks */,
				1D90DA171903237B00985E6C /* UIKit.framework in Frameworks */,
				1D90DA131903237B00985E6C /* Foundation.framework in Frameworks */,
			);
			runOnlyForDeploymentPostprocessing = 0;
		};
		1D90DA2D1903237B00985E6C /* Frameworks */ = {
			isa = PBXFrameworksBuildPhase;
			buildActionMask = 2147483647;
			files = (
				1D90DA321903237B00985E6C /* XCTest.framework in Frameworks */,
				1D90DA341903237B00985E6C /* UIKit.framework in Frameworks */,
				1D90DA331903237B00985E6C /* Foundation.framework in Frameworks */,
			);
			runOnlyForDeploymentPostprocessing = 0;
		};
/* End PBXFrameworksBuildPhase section */

/* Begin PBXGroup section */
		1D90DA061903237B00985E6C = {
			isa = PBXGroup;
			children = (
				1D90DA181903237B00985E6C /* JDFlyoverDirectionsExamples */,
				1D90DA371903237B00985E6C /* JDFlyoverDirectionsExamplesTests */,
				1D90DA111903237B00985E6C /* Frameworks */,
				1D90DA101903237B00985E6C /* Products */,
			);
			sourceTree = "<group>";
		};
		1D90DA101903237B00985E6C /* Products */ = {
			isa = PBXGroup;
			children = (
				1D90DA0F1903237B00985E6C /* JDFlyoverDirectionsExamples.app */,
				1D90DA301903237B00985E6C /* JDFlyoverDirectionsExamplesTests.xctest */,
			);
			name = Products;
			sourceTree = "<group>";
		};
		1D90DA111903237B00985E6C /* Frameworks */ = {
			isa = PBXGroup;
			children = (
				1D90DA121903237B00985E6C /* Foundation.framework */,
				1D90DA141903237B00985E6C /* CoreGraphics.framework */,
				1D90DA161903237B00985E6C /* UIKit.framework */,
				1D90DA311903237B00985E6C /* XCTest.framework */,
			);
			name = Frameworks;
			sourceTree = "<group>";
		};
		1D90DA181903237B00985E6C /* JDFlyoverDirectionsExamples */ = {
			isa = PBXGroup;
			children = (
				1D90DA211903237B00985E6C /* AppDelegate.h */,
				1D90DA221903237B00985E6C /* AppDelegate.m */,
				1D90DA241903237B00985E6C /* Main.storyboard */,
				1D90DA271903237B00985E6C /* ViewController.h */,
				1D90DA281903237B00985E6C /* ViewController.m */,
				1D90DA2A1903237B00985E6C /* Images.xcassets */,
				1D90DA191903237B00985E6C /* Supporting Files */,
			);
			path = JDFlyoverDirectionsExamples;
			sourceTree = "<group>";
		};
		1D90DA191903237B00985E6C /* Supporting Files */ = {
			isa = PBXGroup;
			children = (
				1D90DA1A1903237B00985E6C /* JDFlyoverDirectionsExamples-Info.plist */,
				1D90DA1B1903237B00985E6C /* InfoPlist.strings */,
				1D90DA1E1903237B00985E6C /* main.m */,
				1D90DA201903237B00985E6C /* JDFlyoverDirectionsExamples-Prefix.pch */,
			);
			name = "Supporting Files";
			sourceTree = "<group>";
		};
		1D90DA371903237B00985E6C /* JDFlyoverDirectionsExamplesTests */ = {
			isa = PBXGroup;
			children = (
				1D90DA3D1903237B00985E6C /* JDFlyoverDirectionsExamplesTests.m */,
				1D90DA381903237B00985E6C /* Supporting Files */,
			);
			path = JDFlyoverDirectionsExamplesTests;
			sourceTree = "<group>";
		};
		1D90DA381903237B00985E6C /* Supporting Files */ = {
			isa = PBXGroup;
			children = (
				1D90DA391903237B00985E6C /* JDFlyoverDirectionsExamplesTests-Info.plist */,
				1D90DA3A1903237B00985E6C /* InfoPlist.strings */,
			);
			name = "Supporting Files";
			sourceTree = "<group>";
		};
/* End PBXGroup section */

/* Begin PBXNativeTarget section */
		1D90DA0E1903237B00985E6C /* JDFlyoverDirectionsExamples */ = {
			isa = PBXNativeTarget;
			buildConfigurationList = 1D90DA411903237B00985E6C /* Build configuration list for PBXNativeTarget "JDFlyoverDirectionsExamples" */;
			buildPhases = (
				1D90DA0B1903237B00985E6C /* Sources */,
				1D90DA0C1903237B00985E6C /* Frameworks */,
				1D90DA0D1903237B00985E6C /* Resources */,
			);
			buildRules = (
			);
			dependencies = (
			);
			name = JDFlyoverDirectionsExamples;
			productName = JDFlyoverDirectionsExamples;
			productReference = 1D90DA0F1903237B00985E6C /* JDFlyoverDirectionsExamples.app */;
			productType = "com.apple.product-type.application";
		};
		1D90DA2F1903237B00985E6C /* JDFlyoverDirectionsExamplesTests */ = {
			isa = PBXNativeTarget;
			buildConfigurationList = 1D90DA441903237B00985E6C /* Build configuration list for PBXNativeTarget "JDFlyoverDirectionsExamplesTests" */;
			buildPhases = (
				1D90DA2C1903237B00985E6C /* Sources */,
				1D90DA2D1903237B00985E6C /* Frameworks */,
				1D90DA2E1903237B00985E6C /* Resources */,
			);
			buildRules = (
			);
			dependencies = (
				1D90DA361903237B00985E6C /* PBXTargetDependency */,
			);
			name = JDFlyoverDirectionsExamplesTests;
			productName = JDFlyoverDirectionsExamplesTests;
			productReference = 1D90DA301903237B00985E6C /* JDFlyoverDirectionsExamplesTests.xctest */;
			productType = "com.apple.product-type.bundle.unit-test";
		};
/* End PBXNativeTarget section */

/* Begin PBXProject section */
		1D90DA071903237B00985E6C /* Project object */ = {
			isa = PBXProject;
			attributes = {
				LastUpgradeCheck = 0510;
				ORGANIZATIONNAME = "Judson Douglas";
				TargetAttributes = {
					1D90DA2F1903237B00985E6C = {
						TestTargetID = 1D90DA0E1903237B00985E6C;
					};
				};
			};
			buildConfigurationList = 1D90DA0A1903237B00985E6C /* Build configuration list for PBXProject "JDFlyoverDirectionsExamples" */;
			compatibilityVersion = "Xcode 3.2";
			developmentRegion = English;
			hasScannedForEncodings = 0;
			knownRegions = (
				en,
				Base,
			);
			mainGroup = 1D90DA061903237B00985E6C;
			productRefGroup = 1D90DA101903237B00985E6C /* Products */;
			projectDirPath = "";
			projectRoot = "";
			targets = (
				1D90DA0E1903237B00985E6C /* JDFlyoverDirectionsExamples */,
				1D90DA2F1903237B00985E6C /* JDFlyoverDirectionsExamplesTests */,
			);
		};
/* End PBXProject section */

/* Begin PBXResourcesBuildPhase section */
		1D90DA0D1903237B00985E6C /* Resources */ = {
			isa = PBXResourcesBuildPhase;
			buildActionMask = 2147483647;
			files = (
				1D90DA2B1903237B00985E6C /* Images.xcassets in Resources */,
				1D90DA1D1903237B00985E6C /* InfoPlist.strings in Resources */,
				1D90DA261903237B00985E6C /* Main.storyboard in Resources */,
			);
			runOnlyForDeploymentPostprocessing = 0;
		};
		1D90DA2E1903237B00985E6C /* Resources */ = {
			isa = PBXResourcesBuildPhase;
			buildActionMask = 2147483647;
			files = (
				1D90DA3C1903237B00985E6C /* InfoPlist.strings in Resources */,
			);
			runOnlyForDeploymentPostprocessing = 0;
		};
/* End PBXResourcesBuildPhase section */

/* Begin PBXSourcesBuildPhase section */
		1D90DA0B1903237B00985E6C /* Sources */ = {
			isa = PBXSourcesBuildPhase;
			buildActionMask = 2147483647;
			files = (
				1D90DA291903237B00985E6C /* ViewController.m in Sources */,
				1D90DA231903237B00985E6C /* AppDelegate.m in Sources */,
				1D90DA1F1903237B00985E6C /* main.m in Sources */,
			);
			runOnlyForDeploymentPostprocessing = 0;
		};
		1D90DA2C1903237B00985E6C /* Sources */ = {
			isa = PBXSourcesBuildPhase;
			buildActionMask = 2147483647;
			files = (
				1D90DA3E1903237B00985E6C /* JDFlyoverDirectionsExamplesTests.m in Sources */,
			);
			runOnlyForDeploymentPostprocessing = 0;
		};
/* End PBXSourcesBuildPhase section */

/* Begin PBXTargetDependency section */
		1D90DA361903237B00985E6C /* PBXTargetDependency */ = {
			isa = PBXTargetDependency;
			target = 1D90DA0E1903237B00985E6C /* JDFlyoverDirectionsExamples */;
			targetProxy = 1D90DA351903237B00985E6C /* PBXContainerItemProxy */;
		};
/* End PBXTargetDependency section */

/* Begin PBXVariantGroup section */
		1D90DA1B1903237B00985E6C /* InfoPlist.strings */ = {
			isa = PBXVariantGroup;
			children = (
				1D90DA1C1903237B00985E6C /* en */,
			);
			name = InfoPlist.strings;
			sourceTree = "<group>";
		};
		1D90DA241903237B00985E6C /* Main.storyboard */ = {
			isa = PBXVariantGroup;
			children = (
				1D90DA251903237B00985E6C /* Base */,
			);
			name = Main.storyboard;
			sourceTree = "<group>";
		};
		1D90DA3A1903237B00985E6C /* InfoPlist.strings */ = {
			isa = PBXVariantGroup;
			children = (
				1D90DA3B1903237B00985E6C /* en */,
			);
			name = InfoPlist.strings;
			sourceTree = "<group>";
		};
/* End PBXVariantGroup section */

/* Begin XCBuildConfiguration section */
		1D90DA3F1903237B00985E6C /* Debug */ = {
			isa = XCBuildConfiguration;
			buildSettings = {
				ALWAYS_SEARCH_USER_PATHS = NO;
				CLANG_CXX_LANGUAGE_STANDARD = "gnu++0x";
				CLANG_CXX_LIBRARY = "libc++";
				CLANG_ENABLE_MODULES = YES;
				CLANG_ENABLE_OBJC_ARC = YES;
				CLANG_WARN_BOOL_CONVERSION = YES;
				CLANG_WARN_CONSTANT_CONVERSION = YES;
				CLANG_WARN_DIRECT_OBJC_ISA_USAGE = YES_ERROR;
				CLANG_WARN_EMPTY_BODY = YES;
				CLANG_WARN_ENUM_CONVERSION = YES;
				CLANG_WARN_INT_CONVERSION = YES;
				CLANG_WARN_OBJC_ROOT_CLASS = YES_ERROR;
				CLANG_WARN__DUPLICATE_METHOD_MATCH = YES;
				"CODE_SIGN_IDENTITY[sdk=iphoneos*]" = "iPhone Developer";
				COPY_PHASE_STRIP = NO;
				GCC_C_LANGUAGE_STANDARD = gnu99;
				GCC_DYNAMIC_NO_PIC = NO;
				GCC_OPTIMIZATION_LEVEL = 0;
				GCC_PREPROCESSOR_DEFINITIONS = (
					"DEBUG=1",
					"$(inherited)",
				);
				GCC_SYMBOLS_PRIVATE_EXTERN = NO;
				GCC_WARN_64_TO_32_BIT_CONVERSION = YES;
				GCC_WARN_ABOUT_RETURN_TYPE = YES_ERROR;
				GCC_WARN_UNDECLARED_SELECTOR = YES;
				GCC_WARN_UNINITIALIZED_AUTOS = YES_AGGRESSIVE;
				GCC_WARN_UNUSED_FUNCTION = YES;
				GCC_WARN_UNUSED_VARIABLE = YES;
				IPHONEOS_DEPLOYMENT_TARGET = 7.1;
				ONLY_ACTIVE_ARCH = YES;
				SDKROOT = iphoneos;
			};
			name = Debug;
		};
		1D90DA401903237B00985E6C /* Release */ = {
			isa = XCBuildConfiguration;
			buildSettings = {
				ALWAYS_SEARCH_USER_PATHS = NO;
				CLANG_CXX_LANGUAGE_STANDARD = "gnu++0x";
				CLANG_CXX_LIBRARY = "libc++";
				CLANG_ENABLE_MODULES = YES;
				CLANG_ENABLE_OBJC_ARC = YES;
				CLANG_WARN_BOOL_CONVERSION = YES;
				CLANG_WARN_CONSTANT_CONVERSION = YES;
				CLANG_WARN_DIRECT_OBJC_ISA_USAGE = YES_ERROR;
				CLANG_WARN_EMPTY_BODY = YES;
				CLANG_WARN_ENUM_CONVERSION = YES;
				CLANG_WARN_INT_CONVERSION = YES;
				CLANG_WARN_OBJC_ROOT_CLASS = YES_ERROR;
				CLANG_WARN__DUPLICATE_METHOD_MATCH = YES;
				"CODE_SIGN_IDENTITY[sdk=iphoneos*]" = "iPhone Developer";
				COPY_PHASE_STRIP = YES;
				ENABLE_NS_ASSERTIONS = NO;
				GCC_C_LANGUAGE_STANDARD = gnu99;
				GCC_WARN_64_TO_32_BIT_CONVERSION = YES;
				GCC_WARN_ABOUT_RETURN_TYPE = YES_ERROR;
				GCC_WARN_UNDECLARED_SELECTOR = YES;
				GCC_WARN_UNINITIALIZED_AUTOS = YES_AGGRESSIVE;
				GCC_WARN_UNUSED_FUNCTION = YES;
				GCC_WARN_UNUSED_VARIABLE = YES;
				IPHONEOS_DEPLOYMENT_TARGET = 7.1;
				SDKROOT = iphoneos;
				VALIDATE_PRODUCT = YES;
			};
			name = Release;
		};
		1D90DA421903237B00985E6C /* Debug */ = {
			isa = XCBuildConfiguration;
			buildSettings = {
				ASSETCATALOG_COMPILER_APPICON_NAME = AppIcon;
				ASSETCATALOG_COMPILER_LAUNCHIMAGE_NAME = LaunchImage;
				GCC_PRECOMPILE_PREFIX_HEADER = YES;
				GCC_PREFIX_HEADER = "JDFlyoverDirectionsExamples/JDFlyoverDirectionsExamples-Prefix.pch";
				INFOPLIST_FILE = "JDFlyoverDirectionsExamples/JDFlyoverDirectionsExamples-Info.plist";
				PRODUCT_NAME = "$(TARGET_NAME)";
				WRAPPER_EXTENSION = app;
			};
			name = Debug;
		};
		1D90DA431903237B00985E6C /* Release */ = {
			isa = XCBuildConfiguration;
			buildSettings = {
				ASSETCATALOG_COMPILER_APPICON_NAME = AppIcon;
				ASSETCATALOG_COMPILER_LAUNCHIMAGE_NAME = LaunchImage;
				GCC_PRECOMPILE_PREFIX_HEADER = YES;
				GCC_PREFIX_HEADER = "JDFlyoverDirectionsExamples/JDFlyoverDirectionsExamples-Prefix.pch";
				INFOPLIST_FILE = "JDFlyoverDirectionsExamples/JDFlyoverDirectionsExamples-Info.plist";
				PRODUCT_NAME = "$(TARGET_NAME)";
				WRAPPER_EXTENSION = app;
			};
			name = Release;
		};
		1D90DA451903237B00985E6C /* Debug */ = {
			isa = XCBuildConfiguration;
			buildSettings = {
				BUNDLE_LOADER = "$(BUILT_PRODUCTS_DIR)/JDFlyoverDirectionsExamples.app/JDFlyoverDirectionsExamples";
				FRAMEWORK_SEARCH_PATHS = (
					"$(SDKROOT)/Developer/Library/Frameworks",
					"$(inherited)",
					"$(DEVELOPER_FRAMEWORKS_DIR)",
				);
				GCC_PRECOMPILE_PREFIX_HEADER = YES;
				GCC_PREFIX_HEADER = "JDFlyoverDirectionsExamples/JDFlyoverDirectionsExamples-Prefix.pch";
				GCC_PREPROCESSOR_DEFINITIONS = (
					"DEBUG=1",
					"$(inherited)",
				);
				INFOPLIST_FILE = "JDFlyoverDirectionsExamplesTests/JDFlyoverDirectionsExamplesTests-Info.plist";
				PRODUCT_NAME = "$(TARGET_NAME)";
				TEST_HOST = "$(BUNDLE_LOADER)";
				WRAPPER_EXTENSION = xctest;
			};
			name = Debug;
		};
		1D90DA461903237B00985E6C /* Release */ = {
			isa = XCBuildConfiguration;
			buildSettings = {
				BUNDLE_LOADER = "$(BUILT_PRODUCTS_DIR)/JDFlyoverDirectionsExamples.app/JDFlyoverDirectionsExamples";
				FRAMEWORK_SEARCH_PATHS = (
					"$(SDKROOT)/Developer/Library/Frameworks",
					"$(inherited)",
					"$(DEVELOPER_FRAMEWORKS_DIR)",
				);
				GCC_PRECOMPILE_PREFIX_HEADER = YES;
				GCC_PREFIX_HEADER = "JDFlyoverDirectionsExamples/JDFlyoverDirectionsExamples-Prefix.pch";
				INFOPLIST_FILE = "JDFlyoverDirectionsExamplesTests/JDFlyoverDirectionsExamplesTests-Info.plist";
				PRODUCT_NAME = "$(TARGET_NAME)";
				TEST_HOST = "$(BUNDLE_LOADER)";
				WRAPPER_EXTENSION = xctest;
			};
			name = Release;
		};
/* End XCBuildConfiguration section */

/* Begin XCConfigurationList section */
		1D90DA0A1903237B00985E6C /* Build configuration list for PBXProject "JDFlyoverDirectionsExamples" */ = {
			isa = XCConfigurationList;
			buildConfigurations = (
				1D90DA3F1903237B00985E6C /* Debug */,
				1D90DA401903237B00985E6C /* Release */,
			);
			defaultConfigurationIsVisible = 0;
			defaultConfigurationName = Release;
		};
		1D90DA411903237B00985E6C /* Build configuration list for PBXNativeTarget "JDFlyoverDirectionsExamples" */ = {
			isa = XCConfigurationList;
			buildConfigurations = (
				1D90DA421903237B00985E6C /* Debug */,
				1D90DA431903237B00985E6C /* Release */,
			);
			defaultConfigurationIsVisible = 0;
		};
		1D90DA441903237B00985E6C /* Build configuration list for PBXNativeTarget "JDFlyoverDirectionsExamplesTests" */ = {
			isa = XCConfigurationList;
			buildConfigurations = (
				1D90DA451903237B00985E6C /* Debug */,
				1D90DA461903237B00985E6C /* Release */,
			);
			defaultConfigurationIsVisible = 0;
		};
/* End XCConfigurationList section */
	};
	rootObject = 1D90DA071903237B00985E6C /* Project object */;
}
